
Microsoft Visual Studio Solution File, Format Version 12.00
Project("{2150E333-8FDC-42A3-9474-1A3956D46DE8}") = "src", "src", "{4284BECF-4603-4ABA-81FD-8B4225BB3B41}"
EndProject
Project("{2150E333-8FDC-42A3-9474-1A3956D46DE8}") = "Web", "Web", "{9CE11EC0-1CEF-47DD-86C5-554EAEFB259E}"
EndProject
Project("{FAE04EC0-301F-11D3-BF4B-00C04F79EFBC}") = "Web.Presentation", "src\Web\Web.Presentation\Web.Presentation.csproj", "{99DBFE1B-1970-49C8-AE77-D595CB8C2970}"
EndProject
Global
	GlobalSection(SolutionConfigurationPlatforms) = preSolution
		Debug|Any CPU = Debug|Any CPU
		Release|Any CPU = Release|Any CPU
	EndGlobalSection
	GlobalSection(NestedProjects) = preSolution
		{9CE11EC0-1CEF-47DD-86C5-554EAEFB259E} = {4284BECF-4603-4ABA-81FD-8B4225BB3B41}
		{99DBFE1B-1970-49C8-AE77-D595CB8C2970} = {9CE11EC0-1CEF-47DD-86C5-554EAEFB259E}
	EndGlobalSection
	GlobalSection(ProjectConfigurationPlatforms) = postSolution
		{99DBFE1B-1970-49C8-AE77-D595CB8C2970}.Debug|Any CPU.ActiveCfg = Debug|Any CPU
		{99DBFE1B-1970-49C8-AE77-D595CB8C2970}.Debug|Any CPU.Build.0 = Debug|Any CPU
		{99DBFE1B-1970-49C8-AE77-D595CB8C2970}.Release|Any CPU.ActiveCfg = Release|Any CPU
		{99DBFE1B-1970-49C8-AE77-D595CB8C2970}.Release|Any CPU.Build.0 = Release|Any CPU
	EndGlobalSection
EndGlobal
